// !$*UTF8*$!
{
	archiveVersion = 1;
	classes = {
	};
	objectVersion = 56;
	objects = {

/* Begin PBXBuildFile section */
		A9A5D07A29E0C18B007FDF8D /* myMealsAppApp.swift in Sources */ = {isa = PBXBuildFile; fileRef = A9A5D07929E0C18B007FDF8D /* myMealsAppApp.swift */; };
		A9A5D07C29E0C18B007FDF8D /* ContentView.swift in Sources */ = {isa = PBXBuildFile; fileRef = A9A5D07B29E0C18B007FDF8D /* ContentView.swift */; };
		A9A5D07E29E0C18C007FDF8D /* Assets.xcassets in Resources */ = {isa = PBXBuildFile; fileRef = A9A5D07D29E0C18C007FDF8D /* Assets.xcassets */; };
		A9A5D08129E0C18C007FDF8D /* Preview Assets.xcassets in Resources */ = {isa = PBXBuildFile; fileRef = A9A5D08029E0C18C007FDF8D /* Preview Assets.xcassets */; };
		A9A5D08329E0C18C007FDF8D /* Persistence.swift in Sources */ = {isa = PBXBuildFile; fileRef = A9A5D08229E0C18C007FDF8D /* Persistence.swift */; };
		A9A5D08629E0C18C007FDF8D /* myMealsApp.xcdatamodeld in Sources */ = {isa = PBXBuildFile; fileRef = A9A5D08429E0C18C007FDF8D /* myMealsApp.xcdatamodeld */; };
		A9A5D09129E0C18C007FDF8D /* myMealsAppTests.swift in Sources */ = {isa = PBXBuildFile; fileRef = A9A5D09029E0C18C007FDF8D /* myMealsAppTests.swift */; };
		A9A5D09B29E0C18C007FDF8D /* myMealsAppUITests.swift in Sources */ = {isa = PBXBuildFile; fileRef = A9A5D09A29E0C18C007FDF8D /* myMealsAppUITests.swift */; };
		A9A5D09D29E0C18C007FDF8D /* myMealsAppUITestsLaunchTests.swift in Sources */ = {isa = PBXBuildFile; fileRef = A9A5D09C29E0C18C007FDF8D /* myMealsAppUITestsLaunchTests.swift */; };
		A9A5D0AA29E8A729007FDF8D /* MealModels.swift in Sources */ = {isa = PBXBuildFile; fileRef = A9A5D0A929E8A729007FDF8D /* MealModels.swift */; };
		A9A5D0AC29E8A7AF007FDF8D /* URLImage.swift in Sources */ = {isa = PBXBuildFile; fileRef = A9A5D0AB29E8A7AF007FDF8D /* URLImage.swift */; };
		A9A5D0AE29E8A7F2007FDF8D /* MealDetailView.swift in Sources */ = {isa = PBXBuildFile; fileRef = A9A5D0AD29E8A7F2007FDF8D /* MealDetailView.swift */; };
		A9A5D0B029E8A871007FDF8D /* MealListView.swift in Sources */ = {isa = PBXBuildFile; fileRef = A9A5D0AF29E8A871007FDF8D /* MealListView.swift */; };
/* End PBXBuildFile section */

/* Begin PBXContainerItemProxy section */
		A9A5D08D29E0C18C007FDF8D /* PBXContainerItemProxy */ = {
			isa = PBXContainerItemProxy;
			containerPortal = A9A5D06E29E0C18B007FDF8D /* Project object */;
			proxyType = 1;
			remoteGlobalIDString = A9A5D07529E0C18B007FDF8D;
			remoteInfo = myMealsApp;
		};
		A9A5D09729E0C18C007FDF8D /* PBXContainerItemProxy */ = {
			isa = PBXContainerItemProxy;
			containerPortal = A9A5D06E29E0C18B007FDF8D /* Project object */;
			proxyType = 1;
			remoteGlobalIDString = A9A5D07529E0C18B007FDF8D;
			remoteInfo = myMealsApp;
		};
/* End PBXContainerItemProxy section */

/* Begin PBXFileReference section */
		A9A5D07629E0C18B007FDF8D /* myMealsApp.app */ = {isa = PBXFileReference; explicitFileType = wrapper.application; includeInIndex = 0; path = myMealsApp.app; sourceTree = BUILT_PRODUCTS_DIR; };
		A9A5D07929E0C18B007FDF8D /* myMealsAppApp.swift */ = {isa = PBXFileReference; lastKnownFileType = sourcecode.swift; path = myMealsAppApp.swift; sourceTree = "<group>"; };
		A9A5D07B29E0C18B007FDF8D /* ContentView.swift */ = {isa = PBXFileReference; lastKnownFileType = sourcecode.swift; path = ContentView.swift; sourceTree = "<group>"; };
		A9A5D07D29E0C18C007FDF8D /* Assets.xcassets */ = {isa = PBXFileReference; lastKnownFileType = folder.assetcatalog; path = Assets.xcassets; sourceTree = "<group>"; };
		A9A5D08029E0C18C007FDF8D /* Preview Assets.xcassets */ = {isa = PBXFileReference; lastKnownFileType = folder.assetcatalog; path = "Preview Assets.xcassets"; sourceTree = "<group>"; };
		A9A5D08229E0C18C007FDF8D /* Persistence.swift */ = {isa = PBXFileReference; lastKnownFileType = sourcecode.swift; path = Persistence.swift; sourceTree = "<group>"; };
		A9A5D08529E0C18C007FDF8D /* myMealsApp.xcdatamodel */ = {isa = PBXFileReference; lastKnownFileType = wrapper.xcdatamodel; path = myMealsApp.xcdatamodel; sourceTree = "<group>"; };
		A9A5D08729E0C18C007FDF8D /* Info.plist */ = {isa = PBXFileReference; lastKnownFileType = text.plist.xml; path = Info.plist; sourceTree = "<group>"; };
		A9A5D08C29E0C18C007FDF8D /* myMealsAppTests.xctest */ = {isa = PBXFileReference; explicitFileType = wrapper.cfbundle; includeInIndex = 0; path = myMealsAppTests.xctest; sourceTree = BUILT_PRODUCTS_DIR; };
		A9A5D09029E0C18C007FDF8D /* myMealsAppTests.swift */ = {isa = PBXFileReference; lastKnownFileType = sourcecode.swift; path = myMealsAppTests.swift; sourceTree = "<group>"; };
		A9A5D09629E0C18C007FDF8D /* myMealsAppUITests.xctest */ = {isa = PBXFileReference; explicitFileType = wrapper.cfbundle; includeInIndex = 0; path = myMealsAppUITests.xctest; sourceTree = BUILT_PRODUCTS_DIR; };
		A9A5D09A29E0C18C007FDF8D /* myMealsAppUITests.swift */ = {isa = PBXFileReference; lastKnownFileType = sourcecode.swift; path = myMealsAppUITests.swift; sourceTree = "<group>"; };
		A9A5D09C29E0C18C007FDF8D /* myMealsAppUITestsLaunchTests.swift */ = {isa = PBXFileReference; lastKnownFileType = sourcecode.swift; path = myMealsAppUITestsLaunchTests.swift; sourceTree = "<group>"; };
		A9A5D0A929E8A729007FDF8D /* MealModels.swift */ = {isa = PBXFileReference; lastKnownFileType = sourcecode.swift; path = MealModels.swift; sourceTree = "<group>"; };
		A9A5D0AB29E8A7AF007FDF8D /* URLImage.swift */ = {isa = PBXFileReference; lastKnownFileType = sourcecode.swift; path = URLImage.swift; sourceTree = "<group>"; };
		A9A5D0AD29E8A7F2007FDF8D /* MealDetailView.swift */ = {isa = PBXFileReference; lastKnownFileType = sourcecode.swift; path = MealDetailView.swift; sourceTree = "<group>"; };
		A9A5D0AF29E8A871007FDF8D /* MealListView.swift */ = {isa = PBXFileReference; lastKnownFileType = sourcecode.swift; path = MealListView.swift; sourceTree = "<group>"; };
/* End PBXFileReference section */

/* Begin PBXFrameworksBuildPhase section */
		A9A5D07329E0C18B007FDF8D /* Frameworks */ = {
			isa = PBXFrameworksBuildPhase;
			buildActionMask = 2147483647;
			files = (
			);
			runOnlyForDeploymentPostprocessing = 0;
		};
		A9A5D08929E0C18C007FDF8D /* Frameworks */ = {
			isa = PBXFrameworksBuildPhase;
			buildActionMask = 2147483647;
			files = (
			);
			runOnlyForDeploymentPostprocessing = 0;
		};
		A9A5D09329E0C18C007FDF8D /* Frameworks */ = {
			isa = PBXFrameworksBuildPhase;
			buildActionMask = 2147483647;
			files = (
			);
			runOnlyForDeploymentPostprocessing = 0;
		};
/* End PBXFrameworksBuildPhase section */

/* Begin PBXGroup section */
		A9A5D06D29E0C18B007FDF8D = {
			isa = PBXGroup;
			children = (
				A9A5D07829E0C18B007FDF8D /* myMealsApp */,
				A9A5D08F29E0C18C007FDF8D /* myMealsAppTests */,
				A9A5D09929E0C18C007FDF8D /* myMealsAppUITests */,
				A9A5D07729E0C18B007FDF8D /* Products */,
			);
			sourceTree = "<group>";
		};
		A9A5D07729E0C18B007FDF8D /* Products */ = {
			isa = PBXGroup;
			children = (
				A9A5D07629E0C18B007FDF8D /* myMealsApp.app */,
				A9A5D08C29E0C18C007FDF8D /* myMealsAppTests.xctest */,
				A9A5D09629E0C18C007FDF8D /* myMealsAppUITests.xctest */,
			);
			name = Products;
			sourceTree = "<group>";
		};
		A9A5D07829E0C18B007FDF8D /* myMealsApp */ = {
			isa = PBXGroup;
			children = (
				A9A5D07929E0C18B007FDF8D /* myMealsAppApp.swift */,
				A9A5D07B29E0C18B007FDF8D /* ContentView.swift */,
				A9A5D07D29E0C18C007FDF8D /* Assets.xcassets */,
				A9A5D08229E0C18C007FDF8D /* Persistence.swift */,
				A9A5D08729E0C18C007FDF8D /* Info.plist */,
				A9A5D08429E0C18C007FDF8D /* myMealsApp.xcdatamodeld */,
				A9A5D07F29E0C18C007FDF8D /* Preview Content */,
				A9A5D0AB29E8A7AF007FDF8D /* URLImage.swift */,
				A9A5D0AD29E8A7F2007FDF8D /* MealDetailView.swift */,
				A9A5D0AF29E8A871007FDF8D /* MealListView.swift */,
			);
			path = myMealsApp;
			sourceTree = "<group>";
		};
		A9A5D07F29E0C18C007FDF8D /* Preview Content */ = {
			isa = PBXGroup;
			children = (
				A9A5D0A929E8A729007FDF8D /* MealModels.swift */,
				A9A5D08029E0C18C007FDF8D /* Preview Assets.xcassets */,
			);
			path = "Preview Content";
			sourceTree = "<group>";
		};
		A9A5D08F29E0C18C007FDF8D /* myMealsAppTests */ = {
			isa = PBXGroup;
			children = (
				A9A5D09029E0C18C007FDF8D /* myMealsAppTests.swift */,
			);
			path = myMealsAppTests;
			sourceTree = "<group>";
		};
		A9A5D09929E0C18C007FDF8D /* myMealsAppUITests */ = {
			isa = PBXGroup;
			children = (
				A9A5D09A29E0C18C007FDF8D /* myMealsAppUITests.swift */,
				A9A5D09C29E0C18C007FDF8D /* myMealsAppUITestsLaunchTests.swift */,
			);
			path = myMealsAppUITests;
			sourceTree = "<group>";
		};
/* End PBXGroup section */

/* Begin PBXNativeTarget section */
		A9A5D07529E0C18B007FDF8D /* myMealsApp */ = {
			isa = PBXNativeTarget;
			buildConfigurationList = A9A5D0A029E0C18C007FDF8D /* Build configuration list for PBXNativeTarget "myMealsApp" */;
			buildPhases = (
				A9A5D07229E0C18B007FDF8D /* Sources */,
				A9A5D07329E0C18B007FDF8D /* Frameworks */,
				A9A5D07429E0C18B007FDF8D /* Resources */,
			);
			buildRules = (
			);
			dependencies = (
			);
			name = myMealsApp;
			productName = myMealsApp;
			productReference = A9A5D07629E0C18B007FDF8D /* myMealsApp.app */;
			productType = "com.apple.product-type.application";
		};
		A9A5D08B29E0C18C007FDF8D /* myMealsAppTests */ = {
			isa = PBXNativeTarget;
			buildConfigurationList = A9A5D0A329E0C18C007FDF8D /* Build configuration list for PBXNativeTarget "myMealsAppTests" */;
			buildPhases = (
				A9A5D08829E0C18C007FDF8D /* Sources */,
				A9A5D08929E0C18C007FDF8D /* Frameworks */,
				A9A5D08A29E0C18C007FDF8D /* Resources */,
			);
			buildRules = (
			);
			dependencies = (
				A9A5D08E29E0C18C007FDF8D /* PBXTargetDependency */,
			);
			name = myMealsAppTests;
			productName = myMealsAppTests;
			productReference = A9A5D08C29E0C18C007FDF8D /* myMealsAppTests.xctest */;
			productType = "com.apple.product-type.bundle.unit-test";
		};
		A9A5D09529E0C18C007FDF8D /* myMealsAppUITests */ = {
			isa = PBXNativeTarget;
			buildConfigurationList = A9A5D0A629E0C18C007FDF8D /* Build configuration list for PBXNativeTarget "myMealsAppUITests" */;
			buildPhases = (
				A9A5D09229E0C18C007FDF8D /* Sources */,
				A9A5D09329E0C18C007FDF8D /* Frameworks */,
				A9A5D09429E0C18C007FDF8D /* Resources */,
			);
			buildRules = (
			);
			dependencies = (
				A9A5D09829E0C18C007FDF8D /* PBXTargetDependency */,
			);
			name = myMealsAppUITests;
			productName = myMealsAppUITests;
			productReference = A9A5D09629E0C18C007FDF8D /* myMealsAppUITests.xctest */;
			productType = "com.apple.product-type.bundle.ui-testing";
		};
/* End PBXNativeTarget section */

/* Begin PBXProject section */
		A9A5D06E29E0C18B007FDF8D /* Project object */ = {
			isa = PBXProject;
			attributes = {
				BuildIndependentTargetsInParallel = 1;
				LastSwiftUpdateCheck = 1420;
				LastUpgradeCheck = 1420;
				TargetAttributes = {
					A9A5D07529E0C18B007FDF8D = {
						CreatedOnToolsVersion = 14.2;
					};
					A9A5D08B29E0C18C007FDF8D = {
						CreatedOnToolsVersion = 14.2;
						TestTargetID = A9A5D07529E0C18B007FDF8D;
					};
					A9A5D09529E0C18C007FDF8D = {
						CreatedOnToolsVersion = 14.2;
						TestTargetID = A9A5D07529E0C18B007FDF8D;
					};
				};
			};
			buildConfigurationList = A9A5D07129E0C18B007FDF8D /* Build configuration list for PBXProject "myMealsApp" */;
			compatibilityVersion = "Xcode 14.0";
			developmentRegion = en;
			hasScannedForEncodings = 0;
			knownRegions = (
				en,
				Base,
			);
			mainGroup = A9A5D06D29E0C18B007FDF8D;
			productRefGroup = A9A5D07729E0C18B007FDF8D /* Products */;
			projectDirPath = "";
			projectRoot = "";
			targets = (
				A9A5D07529E0C18B007FDF8D /* myMealsApp */,
				A9A5D08B29E0C18C007FDF8D /* myMealsAppTests */,
				A9A5D09529E0C18C007FDF8D /* myMealsAppUITests */,
			);
		};
/* End PBXProject section */

/* Begin PBXResourcesBuildPhase section */
		A9A5D07429E0C18B007FDF8D /* Resources */ = {
			isa = PBXResourcesBuildPhase;
			buildActionMask = 2147483647;
			files = (
				A9A5D08129E0C18C007FDF8D /* Preview Assets.xcassets in Resources */,
				A9A5D07E29E0C18C007FDF8D /* Assets.xcassets in Resources */,
			);
			runOnlyForDeploymentPostprocessing = 0;
		};
		A9A5D08A29E0C18C007FDF8D /* Resources */ = {
			isa = PBXResourcesBuildPhase;
			buildActionMask = 2147483647;
			files = (
			);
			runOnlyForDeploymentPostprocessing = 0;
		};
		A9A5D09429E0C18C007FDF8D /* Resources */ = {
			isa = PBXResourcesBuildPhase;
			buildActionMask = 2147483647;
			files = (
			);
			runOnlyForDeploymentPostprocessing = 0;
		};
/* End PBXResourcesBuildPhase section */

/* Begin PBXSourcesBuildPhase section */
		A9A5D07229E0C18B007FDF8D /* Sources */ = {
			isa = PBXSourcesBuildPhase;
			buildActionMask = 2147483647;
			files = (
				A9A5D08629E0C18C007FDF8D /* myMealsApp.xcdatamodeld in Sources */,
				A9A5D0AC29E8A7AF007FDF8D /* URLImage.swift in Sources */,
				A9A5D08329E0C18C007FDF8D /* Persistence.swift in Sources */,
				A9A5D0B029E8A871007FDF8D /* MealListView.swift in Sources */,
				A9A5D07C29E0C18B007FDF8D /* ContentView.swift in Sources */,
				A9A5D0AE29E8A7F2007FDF8D /* MealDetailView.swift in Sources */,
				A9A5D07A29E0C18B007FDF8D /* myMealsAppApp.swift in Sources */,
				A9A5D0AA29E8A729007FDF8D /* MealModels.swift in Sources */,
			);
			runOnlyForDeploymentPostprocessing = 0;
		};
		A9A5D08829E0C18C007FDF8D /* Sources */ = {
			isa = PBXSourcesBuildPhase;
			buildActionMask = 2147483647;
			files = (
				A9A5D09129E0C18C007FDF8D /* myMealsAppTests.swift in Sources */,
			);
			runOnlyForDeploymentPostprocessing = 0;
		};
		A9A5D09229E0C18C007FDF8D /* Sources */ = {
			isa = PBXSourcesBuildPhase;
			buildActionMask = 2147483647;
			files = (
				A9A5D09B29E0C18C007FDF8D /* myMealsAppUITests.swift in Sources */,
				A9A5D09D29E0C18C007FDF8D /* myMealsAppUITestsLaunchTests.swift in Sources */,
			);
			runOnlyForDeploymentPostprocessing = 0;
		};
/* End PBXSourcesBuildPhase section */

/* Begin PBXTargetDependency section */
		A9A5D08E29E0C18C007FDF8D /* PBXTargetDependency */ = {
			isa = PBXTargetDependency;
			target = A9A5D07529E0C18B007FDF8D /* myMealsApp */;
			targetProxy = A9A5D08D29E0C18C007FDF8D /* PBXContainerItemProxy */;
		};
		A9A5D09829E0C18C007FDF8D /* PBXTargetDependency */ = {
			isa = PBXTargetDependency;
			target = A9A5D07529E0C18B007FDF8D /* myMealsApp */;
			targetProxy = A9A5D09729E0C18C007FDF8D /* PBXContainerItemProxy */;
		};
/* End PBXTargetDependency section */

/* Begin XCBuildConfiguration section */
		A9A5D09E29E0C18C007FDF8D /* Debug */ = {
			isa = XCBuildConfiguration;
			buildSettings = {
				ALWAYS_SEARCH_USER_PATHS = NO;
				CLANG_ANALYZER_NONNULL = YES;
				CLANG_ANALYZER_NUMBER_OBJECT_CONVERSION = YES_AGGRESSIVE;
				CLANG_CXX_LANGUAGE_STANDARD = "gnu++20";
				CLANG_ENABLE_MODULES = YES;
				CLANG_ENABLE_OBJC_ARC = YES;
				CLANG_ENABLE_OBJC_WEAK = YES;
				CLANG_WARN_BLOCK_CAPTURE_AUTORELEASING = YES;
				CLANG_WARN_BOOL_CONVERSION = YES;
				CLANG_WARN_COMMA = YES;
				CLANG_WARN_CONSTANT_CONVERSION = YES;
				CLANG_WARN_DEPRECATED_OBJC_IMPLEMENTATIONS = YES;
				CLANG_WARN_DIRECT_OBJC_ISA_USAGE = YES_ERROR;
				CLANG_WARN_DOCUMENTATION_COMMENTS = YES;
				CLANG_WARN_EMPTY_BODY = YES;
				CLANG_WARN_ENUM_CONVERSION = YES;
				CLANG_WARN_INFINITE_RECURSION = YES;
				CLANG_WARN_INT_CONVERSION = YES;
				CLANG_WARN_NON_LITERAL_NULL_CONVERSION = YES;
				CLANG_WARN_OBJC_IMPLICIT_RETAIN_SELF = YES;
				CLANG_WARN_OBJC_LITERAL_CONVERSION = YES;
				CLANG_WARN_OBJC_ROOT_CLASS = YES_ERROR;
				CLANG_WARN_QUOTED_INCLUDE_IN_FRAMEWORK_HEADER = YES;
				CLANG_WARN_RANGE_LOOP_ANALYSIS = YES;
				CLANG_WARN_STRICT_PROTOTYPES = YES;
				CLANG_WARN_SUSPICIOUS_MOVE = YES;
				CLANG_WARN_UNGUARDED_AVAILABILITY = YES_AGGRESSIVE;
				CLANG_WARN_UNREACHABLE_CODE = YES;
				CLANG_WARN__DUPLICATE_METHOD_MATCH = YES;
				COPY_PHASE_STRIP = NO;
				DEBUG_INFORMATION_FORMAT = dwarf;
				ENABLE_STRICT_OBJC_MSGSEND = YES;
				ENABLE_TESTABILITY = YES;
				GCC_C_LANGUAGE_STANDARD = gnu11;
				GCC_DYNAMIC_NO_PIC = NO;
				GCC_NO_COMMON_BLOCKS = YES;
				GCC_OPTIMIZATION_LEVEL = 0;
				GCC_PREPROCESSOR_DEFINITIONS = (
					"DEBUG=1",
					"$(inherited)",
				);
				GCC_WARN_64_TO_32_BIT_CONVERSION = YES;
				GCC_WARN_ABOUT_RETURN_TYPE = YES_ERROR;
				GCC_WARN_UNDECLARED_SELECTOR = YES;
				GCC_WARN_UNINITIALIZED_AUTOS = YES_AGGRESSIVE;
				GCC_WARN_UNUSED_FUNCTION = YES;
				GCC_WARN_UNUSED_VARIABLE = YES;
				IPHONEOS_DEPLOYMENT_TARGET = 16.2;
				MTL_ENABLE_DEBUG_INFO = INCLUDE_SOURCE;
				MTL_FAST_MATH = YES;
				ONLY_ACTIVE_ARCH = YES;
				SDKROOT = iphoneos;
				SWIFT_ACTIVE_COMPILATION_CONDITIONS = DEBUG;
				SWIFT_OPTIMIZATION_LEVEL = "-Onone";
			};
			name = Debug;
		};
		A9A5D09F29E0C18C007FDF8D /* Release */ = {
			isa = XCBuildConfiguration;
			buildSettings = {
				ALWAYS_SEARCH_USER_PATHS = NO;
				CLANG_ANALYZER_NONNULL = YES;
				CLANG_ANALYZER_NUMBER_OBJECT_CONVERSION = YES_AGGRESSIVE;
				CLANG_CXX_LANGUAGE_STANDARD = "gnu++20";
				CLANG_ENABLE_MODULES = YES;
				CLANG_ENABLE_OBJC_ARC = YES;
				CLANG_ENABLE_OBJC_WEAK = YES;
				CLANG_WARN_BLOCK_CAPTURE_AUTORELEASING = YES;
				CLANG_WARN_BOOL_CONVERSION = YES;
				CLANG_WARN_COMMA = YES;
				CLANG_WARN_CONSTANT_CONVERSION = YES;
				CLANG_WARN_DEPRECATED_OBJC_IMPLEMENTATIONS = YES;
				CLANG_WARN_DIRECT_OBJC_ISA_USAGE = YES_ERROR;
				CLANG_WARN_DOCUMENTATION_COMMENTS = YES;
				CLANG_WARN_EMPTY_BODY = YES;
				CLANG_WARN_ENUM_CONVERSION = YES;
				CLANG_WARN_INFINITE_RECURSION = YES;
				CLANG_WARN_INT_CONVERSION = YES;
				CLANG_WARN_NON_LITERAL_NULL_CONVERSION = YES;
				CLANG_WARN_OBJC_IMPLICIT_RETAIN_SELF = YES;
				CLANG_WARN_OBJC_LITERAL_CONVERSION = YES;
				CLANG_WARN_OBJC_ROOT_CLASS = YES_ERROR;
				CLANG_WARN_QUOTED_INCLUDE_IN_FRAMEWORK_HEADER = YES;
				CLANG_WARN_RANGE_LOOP_ANALYSIS = YES;
				CLANG_WARN_STRICT_PROTOTYPES = YES;
				CLANG_WARN_SUSPICIOUS_MOVE = YES;
				CLANG_WARN_UNGUARDED_AVAILABILITY = YES_AGGRESSIVE;
				CLANG_WARN_UNREACHABLE_CODE = YES;
				CLANG_WARN__DUPLICATE_METHOD_MATCH = YES;
				COPY_PHASE_STRIP = NO;
				DEBUG_INFORMATION_FORMAT = "dwarf-with-dsym";
				ENABLE_NS_ASSERTIONS = NO;
				ENABLE_STRICT_OBJC_MSGSEND = YES;
				GCC_C_LANGUAGE_STANDARD = gnu11;
				GCC_NO_COMMON_BLOCKS = YES;
				GCC_WARN_64_TO_32_BIT_CONVERSION = YES;
				GCC_WARN_ABOUT_RETURN_TYPE = YES_ERROR;
				GCC_WARN_UNDECLARED_SELECTOR = YES;
				GCC_WARN_UNINITIALIZED_AUTOS = YES_AGGRESSIVE;
				GCC_WARN_UNUSED_FUNCTION = YES;
				GCC_WARN_UNUSED_VARIABLE = YES;
				IPHONEOS_DEPLOYMENT_TARGET = 16.2;
				MTL_ENABLE_DEBUG_INFO = NO;
				MTL_FAST_MATH = YES;
				SDKROOT = iphoneos;
				SWIFT_COMPILATION_MODE = wholemodule;
				SWIFT_OPTIMIZATION_LEVEL = "-O";
				VALIDATE_PRODUCT = YES;
			};
			name = Release;
		};
		A9A5D0A129E0C18C007FDF8D /* Debug */ = {
			isa = XCBuildConfiguration;
			buildSettings = {
				ASSETCATALOG_COMPILER_APPICON_NAME = AppIcon;
				ASSETCATALOG_COMPILER_GLOBAL_ACCENT_COLOR_NAME = AccentColor;
				CODE_SIGN_STYLE = Automatic;
				CURRENT_PROJECT_VERSION = 1;
				DEVELOPMENT_ASSET_PATHS = "\"myMealsApp/Preview Content\"";
				ENABLE_PREVIEWS = YES;
				GENERATE_INFOPLIST_FILE = YES;
				INFOPLIST_KEY_UIApplicationSceneManifest_Generation = YES;
				INFOPLIST_KEY_UIApplicationSupportsIndirectInputEvents = YES;
				INFOPLIST_KEY_UILaunchScreen_Generation = YES;
				INFOPLIST_KEY_UISupportedInterfaceOrientations_iPad = "UIInterfaceOrientationPortrait UIInterfaceOrientationPortraitUpsideDown UIInterfaceOrientationLandscapeLeft UIInterfaceOrientationLandscapeRight";
				INFOPLIST_KEY_UISupportedInterfaceOrientations_iPhone = "UIInterfaceOrientationPortrait UIInterfaceOrientationLandscapeLeft UIInterfaceOrientationLandscapeRight";
				LD_RUNPATH_SEARCH_PATHS = (
					"$(inherited)",
					"@executable_path/Frameworks",
				);
				MARKETING_VERSION = 1.0;
				PRODUCT_BUNDLE_IDENTIFIER = com.yolanda.myMealsApp;
				PRODUCT_NAME = "$(TARGET_NAME)";
				SWIFT_EMIT_LOC_STRINGS = YES;
				SWIFT_VERSION = 5.0;
				TARGETED_DEVICE_FAMILY = "1,2";
			};
			name = Debug;
		};
		A9A5D0A229E0C18C007FDF8D /* Release */ = {
			isa = XCBuildConfiguration;
			buildSettings = {
				ASSETCATALOG_COMPILER_APPICON_NAME = AppIcon;
				ASSETCATALOG_COMPILER_GLOBAL_ACCENT_COLOR_NAME = AccentColor;
				CODE_SIGN_STYLE = Automatic;
				CURRENT_PROJECT_VERSION = 1;
				DEVELOPMENT_ASSET_PATHS = "\"myMealsApp/Preview Content\"";
				ENABLE_PREVIEWS = YES;
				GENERATE_INFOPLIST_FILE = YES;
				INFOPLIST_KEY_UIApplicationSceneManifest_Generation = YES;
				INFOPLIST_KEY_UIApplicationSupportsIndirectInputEvents = YES;
				INFOPLIST_KEY_UILaunchScreen_Generation = YES;
				INFOPLIST_KEY_UISupportedInterfaceOrientations_iPad = "UIInterfaceOrientationPortrait UIInterfaceOrientationPortraitUpsideDown UIInterfaceOrientationLandscapeLeft UIInterfaceOrientationLandscapeRight";
				INFOPLIST_KEY_UISupportedInterfaceOrientations_iPhone = "UIInterfaceOrientationPortrait UIInterfaceOrientationLandscapeLeft UIInterfaceOrientationLandscapeRight";
				LD_RUNPATH_SEARCH_PATHS = (
					"$(inherited)",
					"@executable_path/Frameworks",
				);
				MARKETING_VERSION = 1.0;
				PRODUCT_BUNDLE_IDENTIFIER = com.yolanda.myMealsApp;
				PRODUCT_NAME = "$(TARGET_NAME)";
				SWIFT_EMIT_LOC_STRINGS = YES;
				SWIFT_VERSION = 5.0;
				TARGETED_DEVICE_FAMILY = "1,2";
			};
			name = Release;
		};
		A9A5D0A429E0C18C007FDF8D /* Debug */ = {
			isa = XCBuildConfiguration;
			buildSettings = {
				ALWAYS_EMBED_SWIFT_STANDARD_LIBRARIES = YES;
				BUNDLE_LOADER = "$(TEST_HOST)";
				CODE_SIGN_STYLE = Automatic;
				CURRENT_PROJECT_VERSION = 1;
				GENERATE_INFOPLIST_FILE = YES;
				IPHONEOS_DEPLOYMENT_TARGET = 16.2;
				MARKETING_VERSION = 1.0;
				PRODUCT_BUNDLE_IDENTIFIER = com.yolanda.myMealsAppTests;
				PRODUCT_NAME = "$(TARGET_NAME)";
				SWIFT_EMIT_LOC_STRINGS = NO;
				SWIFT_VERSION = 5.0;
				TARGETED_DEVICE_FAMILY = "1,2";
				TEST_HOST = "$(BUILT_PRODUCTS_DIR)/myMealsApp.app/$(BUNDLE_EXECUTABLE_FOLDER_PATH)/myMealsApp";
			};
			name = Debug;
		};
		A9A5D0A529E0C18C007FDF8D /* Release */ = {
			isa = XCBuildConfiguration;
			buildSettings = {
				ALWAYS_EMBED_SWIFT_STANDARD_LIBRARIES = YES;
				BUNDLE_LOADER = "$(TEST_HOST)";
				CODE_SIGN_STYLE = Automatic;
				CURRENT_PROJECT_VERSION = 1;
				GENERATE_INFOPLIST_FILE = YES;
				IPHONEOS_DEPLOYMENT_TARGET = 16.2;
				MARKETING_VERSION = 1.0;
				PRODUCT_BUNDLE_IDENTIFIER = com.yolanda.myMealsAppTests;
				PRODUCT_NAME = "$(TARGET_NAME)";
				SWIFT_EMIT_LOC_STRINGS = NO;
				SWIFT_VERSION = 5.0;
				TARGETED_DEVICE_FAMILY = "1,2";
				TEST_HOST = "$(BUILT_PRODUCTS_DIR)/myMealsApp.app/$(BUNDLE_EXECUTABLE_FOLDER_PATH)/myMealsApp";
			};
			name = Release;
		};
		A9A5D0A729E0C18C007FDF8D /* Debug */ = {
			isa = XCBuildConfiguration;
			buildSettings = {
				ALWAYS_EMBED_SWIFT_STANDARD_LIBRARIES = YES;
				CODE_SIGN_STYLE = Automatic;
				CURRENT_PROJECT_VERSION = 1;
				GENERATE_INFOPLIST_FILE = YES;
				MARKETING_VERSION = 1.0;
				PRODUCT_BUNDLE_IDENTIFIER = com.yolanda.myMealsAppUITests;
				PRODUCT_NAME = "$(TARGET_NAME)";
				SWIFT_EMIT_LOC_STRINGS = NO;
				SWIFT_VERSION = 5.0;
				TARGETED_DEVICE_FAMILY = "1,2";
				TEST_TARGET_NAME = myMealsApp;
			};
			name = Debug;
		};
		A9A5D0A829E0C18C007FDF8D /* Release */ = {
			isa = XCBuildConfiguration;
			buildSettings = {
				ALWAYS_EMBED_SWIFT_STANDARD_LIBRARIES = YES;
				CODE_SIGN_STYLE = Automatic;
				CURRENT_PROJECT_VERSION = 1;
				GENERATE_INFOPLIST_FILE = YES;
				MARKETING_VERSION = 1.0;
				PRODUCT_BUNDLE_IDENTIFIER = com.yolanda.myMealsAppUITests;
				PRODUCT_NAME = "$(TARGET_NAME)";
				SWIFT_EMIT_LOC_STRINGS = NO;
				SWIFT_VERSION = 5.0;
				TARGETED_DEVICE_FAMILY = "1,2";
				TEST_TARGET_NAME = myMealsApp;
			};
			name = Release;
		};
/* End XCBuildConfiguration section */

/* Begin XCConfigurationList section */
		A9A5D07129E0C18B007FDF8D /* Build configuration list for PBXProject "myMealsApp" */ = {
			isa = XCConfigurationList;
			buildConfigurations = (
				A9A5D09E29E0C18C007FDF8D /* Debug */,
				A9A5D09F29E0C18C007FDF8D /* Release */,
			);
			defaultConfigurationIsVisible = 0;
			defaultConfigurationName = Release;
		};
		A9A5D0A029E0C18C007FDF8D /* Build configuration list for PBXNativeTarget "myMealsApp" */ = {
			isa = XCConfigurationList;
			buildConfigurations = (
				A9A5D0A129E0C18C007FDF8D /* Debug */,
				A9A5D0A229E0C18C007FDF8D /* Release */,
			);
			defaultConfigurationIsVisible = 0;
			defaultConfigurationName = Release;
		};
		A9A5D0A329E0C18C007FDF8D /* Build configuration list for PBXNativeTarget "myMealsAppTests" */ = {
			isa = XCConfigurationList;
			buildConfigurations = (
				A9A5D0A429E0C18C007FDF8D /* Debug */,
				A9A5D0A529E0C18C007FDF8D /* Release */,
			);
			defaultConfigurationIsVisible = 0;
			defaultConfigurationName = Release;
		};
		A9A5D0A629E0C18C007FDF8D /* Build configuration list for PBXNativeTarget "myMealsAppUITests" */ = {
			isa = XCConfigurationList;
			buildConfigurations = (
				A9A5D0A729E0C18C007FDF8D /* Debug */,
				A9A5D0A829E0C18C007FDF8D /* Release */,
			);
			defaultConfigurationIsVisible = 0;
			defaultConfigurationName = Release;
		};
/* End XCConfigurationList section */

/* Begin XCVersionGroup section */
		A9A5D08429E0C18C007FDF8D /* myMealsApp.xcdatamodeld */ = {
			isa = XCVersionGroup;
			children = (
				A9A5D08529E0C18C007FDF8D /* myMealsApp.xcdatamodel */,
			);
			currentVersion = A9A5D08529E0C18C007FDF8D /* myMealsApp.xcdatamodel */;
			path = myMealsApp.xcdatamodeld;
			sourceTree = "<group>";
			versionGroupType = wrapper.xcdatamodel;
		};
/* End XCVersionGroup section */
	};
	rootObject = A9A5D06E29E0C18B007FDF8D /* Project object */;
}
